
Microsoft Visual Studio Solution File, Format Version 12.00
# Visual Studio Version 17
VisualStudioVersion = 17.10.34607.79
MinimumVisualStudioVersion = 10.0.40219.1
Project("{FAE04EC0-301F-11D3-BF4B-00C04F79EFBC}") = "teste03", "teste03.csproj", "{2EEC712E-D61A-44AF-BB6F-AB54C43E24A1}"
EndProject
Global
	GlobalSection(SolutionConfigurationPlatforms) = preSolution
		Debug|Any CPU = Debug|Any CPU
		Release|Any CPU = Release|Any CPU
	EndGlobalSection
	GlobalSection(ProjectConfigurationPlatforms) = postSolution
		{2EEC712E-D61A-44AF-BB6F-AB54C43E24A1}.Debug|Any CPU.ActiveCfg = Debug|Any CPU
		{2EEC712E-D61A-44AF-BB6F-AB54C43E24A1}.Debug|Any CPU.Build.0 = Debug|Any CPU
		{2EEC712E-D61A-44AF-BB6F-AB54C43E24A1}.Release|Any CPU.ActiveCfg = Release|Any CPU
		{2EEC712E-D61A-44AF-BB6F-AB54C43E24A1}.Release|Any CPU.Build.0 = Release|Any CPU
	EndGlobalSection
	GlobalSection(SolutionProperties) = preSolution
		HideSolutionNode = FALSE
	EndGlobalSection
	GlobalSection(ExtensibilityGlobals) = postSolution
		SolutionGuid = {7D990C56-1C01-42FB-A94F-B59C54EDA979}
	EndGlobalSection
EndGlobal
